// !$*UTF8*$!
{
	archiveVersion = 1;
	classes = {
	};
	objectVersion = 50;
	objects = {

/* Begin PBXBuildFile section */
		713F0C74214FC73A0097CF57 /* AppDelegate.swift in Sources */ = {isa = PBXBuildFile; fileRef = 713F0C73214FC73A0097CF57 /* AppDelegate.swift */; };
		713F0C76214FC73A0097CF57 /* ViewController.swift in Sources */ = {isa = PBXBuildFile; fileRef = 713F0C75214FC73A0097CF57 /* ViewController.swift */; };
		713F0C79214FC73A0097CF57 /* Main.storyboard in Resources */ = {isa = PBXBuildFile; fileRef = 713F0C77214FC73A0097CF57 /* Main.storyboard */; };
		713F0C7B214FC73A0097CF57 /* Assets.xcassets in Resources */ = {isa = PBXBuildFile; fileRef = 713F0C7A214FC73A0097CF57 /* Assets.xcassets */; };
		713F0C7E214FC73A0097CF57 /* LaunchScreen.storyboard in Resources */ = {isa = PBXBuildFile; fileRef = 713F0C7C214FC73A0097CF57 /* LaunchScreen.storyboard */; };
		713F0C89214FC73A0097CF57 /* ios_neshan_maps_sampleTests.swift in Sources */ = {isa = PBXBuildFile; fileRef = 713F0C88214FC73A0097CF57 /* ios_neshan_maps_sampleTests.swift */; };
		713F0C94214FC73A0097CF57 /* ios_neshan_maps_sampleUITests.swift in Sources */ = {isa = PBXBuildFile; fileRef = 713F0C93214FC73A0097CF57 /* ios_neshan_maps_sampleUITests.swift */; };
/* End PBXBuildFile section */

/* Begin PBXContainerItemProxy section */
		713F0C85214FC73A0097CF57 /* PBXContainerItemProxy */ = {
			isa = PBXContainerItemProxy;
			containerPortal = 713F0C68214FC7390097CF57 /* Project object */;
			proxyType = 1;
			remoteGlobalIDString = 713F0C6F214FC73A0097CF57;
			remoteInfo = "ios-neshan-maps-sample";
		};
		713F0C90214FC73A0097CF57 /* PBXContainerItemProxy */ = {
			isa = PBXContainerItemProxy;
			containerPortal = 713F0C68214FC7390097CF57 /* Project object */;
			proxyType = 1;
			remoteGlobalIDString = 713F0C6F214FC73A0097CF57;
			remoteInfo = "ios-neshan-maps-sample";
		};
/* End PBXContainerItemProxy section */

/* Begin PBXFileReference section */
		713F0C70214FC73A0097CF57 /* ios-neshan-maps-sample.app */ = {isa = PBXFileReference; explicitFileType = wrapper.application; includeInIndex = 0; path = "ios-neshan-maps-sample.app"; sourceTree = BUILT_PRODUCTS_DIR; };
		713F0C73214FC73A0097CF57 /* AppDelegate.swift */ = {isa = PBXFileReference; lastKnownFileType = sourcecode.swift; path = AppDelegate.swift; sourceTree = "<group>"; };
		713F0C75214FC73A0097CF57 /* ViewController.swift */ = {isa = PBXFileReference; lastKnownFileType = sourcecode.swift; path = ViewController.swift; sourceTree = "<group>"; };
		713F0C78214FC73A0097CF57 /* Base */ = {isa = PBXFileReference; lastKnownFileType = file.storyboard; name = Base; path = Base.lproj/Main.storyboard; sourceTree = "<group>"; };
		713F0C7A214FC73A0097CF57 /* Assets.xcassets */ = {isa = PBXFileReference; lastKnownFileType = folder.assetcatalog; path = Assets.xcassets; sourceTree = "<group>"; };
		713F0C7D214FC73A0097CF57 /* Base */ = {isa = PBXFileReference; lastKnownFileType = file.storyboard; name = Base; path = Base.lproj/LaunchScreen.storyboard; sourceTree = "<group>"; };
		713F0C7F214FC73A0097CF57 /* Info.plist */ = {isa = PBXFileReference; lastKnownFileType = text.plist.xml; path = Info.plist; sourceTree = "<group>"; };
		713F0C84214FC73A0097CF57 /* ios-neshan-maps-sampleTests.xctest */ = {isa = PBXFileReference; explicitFileType = wrapper.cfbundle; includeInIndex = 0; path = "ios-neshan-maps-sampleTests.xctest"; sourceTree = BUILT_PRODUCTS_DIR; };
		713F0C88214FC73A0097CF57 /* ios_neshan_maps_sampleTests.swift */ = {isa = PBXFileReference; lastKnownFileType = sourcecode.swift; path = ios_neshan_maps_sampleTests.swift; sourceTree = "<group>"; };
		713F0C8A214FC73A0097CF57 /* Info.plist */ = {isa = PBXFileReference; lastKnownFileType = text.plist.xml; path = Info.plist; sourceTree = "<group>"; };
		713F0C8F214FC73A0097CF57 /* ios-neshan-maps-sampleUITests.xctest */ = {isa = PBXFileReference; explicitFileType = wrapper.cfbundle; includeInIndex = 0; path = "ios-neshan-maps-sampleUITests.xctest"; sourceTree = BUILT_PRODUCTS_DIR; };
		713F0C93214FC73A0097CF57 /* ios_neshan_maps_sampleUITests.swift */ = {isa = PBXFileReference; lastKnownFileType = sourcecode.swift; path = ios_neshan_maps_sampleUITests.swift; sourceTree = "<group>"; };
		713F0C95214FC73A0097CF57 /* Info.plist */ = {isa = PBXFileReference; lastKnownFileType = text.plist.xml; path = Info.plist; sourceTree = "<group>"; };
/* End PBXFileReference section */

/* Begin PBXFrameworksBuildPhase section */
		713F0C6D214FC73A0097CF57 /* Frameworks */ = {
			isa = PBXFrameworksBuildPhase;
			buildActionMask = 2147483647;
			files = (
			);
			runOnlyForDeploymentPostprocessing = 0;
		};
		713F0C81214FC73A0097CF57 /* Frameworks */ = {
			isa = PBXFrameworksBuildPhase;
			buildActionMask = 2147483647;
			files = (
			);
			runOnlyForDeploymentPostprocessing = 0;
		};
		713F0C8C214FC73A0097CF57 /* Frameworks */ = {
			isa = PBXFrameworksBuildPhase;
			buildActionMask = 2147483647;
			files = (
			);
			runOnlyForDeploymentPostprocessing = 0;
		};
/* End PBXFrameworksBuildPhase section */

/* Begin PBXGroup section */
		713F0C67214FC7390097CF57 = {
			isa = PBXGroup;
			children = (
				713F0C72214FC73A0097CF57 /* ios-neshan-maps-sample */,
				713F0C87214FC73A0097CF57 /* ios-neshan-maps-sampleTests */,
				713F0C92214FC73A0097CF57 /* ios-neshan-maps-sampleUITests */,
				713F0C71214FC73A0097CF57 /* Products */,
			);
			sourceTree = "<group>";
		};
		713F0C71214FC73A0097CF57 /* Products */ = {
			isa = PBXGroup;
			children = (
				713F0C70214FC73A0097CF57 /* ios-neshan-maps-sample.app */,
				713F0C84214FC73A0097CF57 /* ios-neshan-maps-sampleTests.xctest */,
				713F0C8F214FC73A0097CF57 /* ios-neshan-maps-sampleUITests.xctest */,
			);
			name = Products;
			sourceTree = "<group>";
		};
		713F0C72214FC73A0097CF57 /* ios-neshan-maps-sample */ = {
			isa = PBXGroup;
			children = (
				713F0C73214FC73A0097CF57 /* AppDelegate.swift */,
				713F0C75214FC73A0097CF57 /* ViewController.swift */,
				713F0C77214FC73A0097CF57 /* Main.storyboard */,
				713F0C7A214FC73A0097CF57 /* Assets.xcassets */,
				713F0C7C214FC73A0097CF57 /* LaunchScreen.storyboard */,
				713F0C7F214FC73A0097CF57 /* Info.plist */,
			);
			path = "ios-neshan-maps-sample";
			sourceTree = "<group>";
		};
		713F0C87214FC73A0097CF57 /* ios-neshan-maps-sampleTests */ = {
			isa = PBXGroup;
			children = (
				713F0C88214FC73A0097CF57 /* ios_neshan_maps_sampleTests.swift */,
				713F0C8A214FC73A0097CF57 /* Info.plist */,
			);
			path = "ios-neshan-maps-sampleTests";
			sourceTree = "<group>";
		};
		713F0C92214FC73A0097CF57 /* ios-neshan-maps-sampleUITests */ = {
			isa = PBXGroup;
			children = (
				713F0C93214FC73A0097CF57 /* ios_neshan_maps_sampleUITests.swift */,
				713F0C95214FC73A0097CF57 /* Info.plist */,
			);
			path = "ios-neshan-maps-sampleUITests";
			sourceTree = "<group>";
		};
/* End PBXGroup section */

/* Begin PBXNativeTarget section */
		713F0C6F214FC73A0097CF57 /* ios-neshan-maps-sample */ = {
			isa = PBXNativeTarget;
			buildConfigurationList = 713F0C98214FC73A0097CF57 /* Build configuration list for PBXNativeTarget "ios-neshan-maps-sample" */;
			buildPhases = (
				713F0C6C214FC73A0097CF57 /* Sources */,
				713F0C6D214FC73A0097CF57 /* Frameworks */,
				713F0C6E214FC73A0097CF57 /* Resources */,
			);
			buildRules = (
			);
			dependencies = (
			);
			name = "ios-neshan-maps-sample";
			productName = "ios-neshan-maps-sample";
			productReference = 713F0C70214FC73A0097CF57 /* ios-neshan-maps-sample.app */;
			productType = "com.apple.product-type.application";
		};
		713F0C83214FC73A0097CF57 /* ios-neshan-maps-sampleTests */ = {
			isa = PBXNativeTarget;
			buildConfigurationList = 713F0C9B214FC73A0097CF57 /* Build configuration list for PBXNativeTarget "ios-neshan-maps-sampleTests" */;
			buildPhases = (
				713F0C80214FC73A0097CF57 /* Sources */,
				713F0C81214FC73A0097CF57 /* Frameworks */,
				713F0C82214FC73A0097CF57 /* Resources */,
			);
			buildRules = (
			);
			dependencies = (
				713F0C86214FC73A0097CF57 /* PBXTargetDependency */,
			);
			name = "ios-neshan-maps-sampleTests";
			productName = "ios-neshan-maps-sampleTests";
			productReference = 713F0C84214FC73A0097CF57 /* ios-neshan-maps-sampleTests.xctest */;
			productType = "com.apple.product-type.bundle.unit-test";
		};
		713F0C8E214FC73A0097CF57 /* ios-neshan-maps-sampleUITests */ = {
			isa = PBXNativeTarget;
			buildConfigurationList = 713F0C9E214FC73A0097CF57 /* Build configuration list for PBXNativeTarget "ios-neshan-maps-sampleUITests" */;
			buildPhases = (
				713F0C8B214FC73A0097CF57 /* Sources */,
				713F0C8C214FC73A0097CF57 /* Frameworks */,
				713F0C8D214FC73A0097CF57 /* Resources */,
			);
			buildRules = (
			);
			dependencies = (
				713F0C91214FC73A0097CF57 /* PBXTargetDependency */,
			);
			name = "ios-neshan-maps-sampleUITests";
			productName = "ios-neshan-maps-sampleUITests";
			productReference = 713F0C8F214FC73A0097CF57 /* ios-neshan-maps-sampleUITests.xctest */;
			productType = "com.apple.product-type.bundle.ui-testing";
		};
/* End PBXNativeTarget section */

/* Begin PBXProject section */
		713F0C68214FC7390097CF57 /* Project object */ = {
			isa = PBXProject;
			attributes = {
				LastSwiftUpdateCheck = 0940;
				LastUpgradeCheck = 0940;
				ORGANIZATIONNAME = "Mohammad-Reza Azizi";
				TargetAttributes = {
					713F0C6F214FC73A0097CF57 = {
						CreatedOnToolsVersion = 9.4;
					};
					713F0C83214FC73A0097CF57 = {
						CreatedOnToolsVersion = 9.4;
						TestTargetID = 713F0C6F214FC73A0097CF57;
					};
					713F0C8E214FC73A0097CF57 = {
						CreatedOnToolsVersion = 9.4;
						TestTargetID = 713F0C6F214FC73A0097CF57;
					};
				};
			};
			buildConfigurationList = 713F0C6B214FC7390097CF57 /* Build configuration list for PBXProject "ios-neshan-maps-sample" */;
			compatibilityVersion = "Xcode 9.3";
			developmentRegion = en;
			hasScannedForEncodings = 0;
			knownRegions = (
				en,
				Base,
			);
			mainGroup = 713F0C67214FC7390097CF57;
			productRefGroup = 713F0C71214FC73A0097CF57 /* Products */;
			projectDirPath = "";
			projectRoot = "";
			targets = (
				713F0C6F214FC73A0097CF57 /* ios-neshan-maps-sample */,
				713F0C83214FC73A0097CF57 /* ios-neshan-maps-sampleTests */,
				713F0C8E214FC73A0097CF57 /* ios-neshan-maps-sampleUITests */,
			);
		};
/* End PBXProject section */

/* Begin PBXResourcesBuildPhase section */
		713F0C6E214FC73A0097CF57 /* Resources */ = {
			isa = PBXResourcesBuildPhase;
			buildActionMask = 2147483647;
			files = (
				713F0C7E214FC73A0097CF57 /* LaunchScreen.storyboard in Resources */,
				713F0C7B214FC73A0097CF57 /* Assets.xcassets in Resources */,
				713F0C79214FC73A0097CF57 /* Main.storyboard in Resources */,
			);
			runOnlyForDeploymentPostprocessing = 0;
		};
		713F0C82214FC73A0097CF57 /* Resources */ = {
			isa = PBXResourcesBuildPhase;
			buildActionMask = 2147483647;
			files = (
			);
			runOnlyForDeploymentPostprocessing = 0;
		};
		713F0C8D214FC73A0097CF57 /* Resources */ = {
			isa = PBXResourcesBuildPhase;
			buildActionMask = 2147483647;
			files = (
			);
			runOnlyForDeploymentPostprocessing = 0;
		};
/* End PBXResourcesBuildPhase section */

/* Begin PBXSourcesBuildPhase section */
		713F0C6C214FC73A0097CF57 /* Sources */ = {
			isa = PBXSourcesBuildPhase;
			buildActionMask = 2147483647;
			files = (
				713F0C76214FC73A0097CF57 /* ViewController.swift in Sources */,
				713F0C74214FC73A0097CF57 /* AppDelegate.swift in Sources */,
			);
			runOnlyForDeploymentPostprocessing = 0;
		};
		713F0C80214FC73A0097CF57 /* Sources */ = {
			isa = PBXSourcesBuildPhase;
			buildActionMask = 2147483647;
			files = (
				713F0C89214FC73A0097CF57 /* ios_neshan_maps_sampleTests.swift in Sources */,
			);
			runOnlyForDeploymentPostprocessing = 0;
		};
		713F0C8B214FC73A0097CF57 /* Sources */ = {
			isa = PBXSourcesBuildPhase;
			buildActionMask = 2147483647;
			files = (
				713F0C94214FC73A0097CF57 /* ios_neshan_maps_sampleUITests.swift in Sources */,
			);
			runOnlyForDeploymentPostprocessing = 0;
		};
/* End PBXSourcesBuildPhase section */

/* Begin PBXTargetDependency section */
		713F0C86214FC73A0097CF57 /* PBXTargetDependency */ = {
			isa = PBXTargetDependency;
			target = 713F0C6F214FC73A0097CF57 /* ios-neshan-maps-sample */;
			targetProxy = 713F0C85214FC73A0097CF57 /* PBXContainerItemProxy */;
		};
		713F0C91214FC73A0097CF57 /* PBXTargetDependency */ = {
			isa = PBXTargetDependency;
			target = 713F0C6F214FC73A0097CF57 /* ios-neshan-maps-sample */;
			targetProxy = 713F0C90214FC73A0097CF57 /* PBXContainerItemProxy */;
		};
/* End PBXTargetDependency section */

/* Begin PBXVariantGroup section */
		713F0C77214FC73A0097CF57 /* Main.storyboard */ = {
			isa = PBXVariantGroup;
			children = (
				713F0C78214FC73A0097CF57 /* Base */,
			);
			name = Main.storyboard;
			sourceTree = "<group>";
		};
		713F0C7C214FC73A0097CF57 /* LaunchScreen.storyboard */ = {
			isa = PBXVariantGroup;
			children = (
				713F0C7D214FC73A0097CF57 /* Base */,
			);
			name = LaunchScreen.storyboard;
			sourceTree = "<group>";
		};
/* End PBXVariantGroup section */

/* Begin XCBuildConfiguration section */
		713F0C96214FC73A0097CF57 /* Debug */ = {
			isa = XCBuildConfiguration;
			buildSettings = {
				ALWAYS_SEARCH_USER_PATHS = NO;
				CLANG_ANALYZER_NONNULL = YES;
				CLANG_ANALYZER_NUMBER_OBJECT_CONVERSION = YES_AGGRESSIVE;
				CLANG_CXX_LANGUAGE_STANDARD = "gnu++14";
				CLANG_CXX_LIBRARY = "libc++";
				CLANG_ENABLE_MODULES = YES;
				CLANG_ENABLE_OBJC_ARC = YES;
				CLANG_ENABLE_OBJC_WEAK = YES;
				CLANG_WARN_BLOCK_CAPTURE_AUTORELEASING = YES;
				CLANG_WARN_BOOL_CONVERSION = YES;
				CLANG_WARN_COMMA = YES;
				CLANG_WARN_CONSTANT_CONVERSION = YES;
				CLANG_WARN_DEPRECATED_OBJC_IMPLEMENTATIONS = YES;
				CLANG_WARN_DIRECT_OBJC_ISA_USAGE = YES_ERROR;
				CLANG_WARN_DOCUMENTATION_COMMENTS = YES;
				CLANG_WARN_EMPTY_BODY = YES;
				CLANG_WARN_ENUM_CONVERSION = YES;
				CLANG_WARN_INFINITE_RECURSION = YES;
				CLANG_WARN_INT_CONVERSION = YES;
				CLANG_WARN_NON_LITERAL_NULL_CONVERSION = YES;
				CLANG_WARN_OBJC_IMPLICIT_RETAIN_SELF = YES;
				CLANG_WARN_OBJC_LITERAL_CONVERSION = YES;
				CLANG_WARN_OBJC_ROOT_CLASS = YES_ERROR;
				CLANG_WARN_RANGE_LOOP_ANALYSIS = YES;
				CLANG_WARN_STRICT_PROTOTYPES = YES;
				CLANG_WARN_SUSPICIOUS_MOVE = YES;
				CLANG_WARN_UNGUARDED_AVAILABILITY = YES_AGGRESSIVE;
				CLANG_WARN_UNREACHABLE_CODE = YES;
				CLANG_WARN__DUPLICATE_METHOD_MATCH = YES;
				CODE_SIGN_IDENTITY = "iPhone Developer";
				COPY_PHASE_STRIP = NO;
				DEBUG_INFORMATION_FORMAT = dwarf;
				ENABLE_STRICT_OBJC_MSGSEND = YES;
				ENABLE_TESTABILITY = YES;
				GCC_C_LANGUAGE_STANDARD = gnu11;
				GCC_DYNAMIC_NO_PIC = NO;
				GCC_NO_COMMON_BLOCKS = YES;
				GCC_OPTIMIZATION_LEVEL = 0;
				GCC_PREPROCESSOR_DEFINITIONS = (
					"DEBUG=1",
					"$(inherited)",
				);
				GCC_WARN_64_TO_32_BIT_CONVERSION = YES;
				GCC_WARN_ABOUT_RETURN_TYPE = YES_ERROR;
				GCC_WARN_UNDECLARED_SELECTOR = YES;
				GCC_WARN_UNINITIALIZED_AUTOS = YES_AGGRESSIVE;
				GCC_WARN_UNUSED_FUNCTION = YES;
				GCC_WARN_UNUSED_VARIABLE = YES;
				IPHONEOS_DEPLOYMENT_TARGET = 11.4;
				MTL_ENABLE_DEBUG_INFO = YES;
				ONLY_ACTIVE_ARCH = YES;
				SDKROOT = iphoneos;
				SWIFT_ACTIVE_COMPILATION_CONDITIONS = DEBUG;
				SWIFT_OPTIMIZATION_LEVEL = "-Onone";
			};
			name = Debug;
		};
		713F0C97214FC73A0097CF57 /* Release */ = {
			isa = XCBuildConfiguration;
			buildSettings = {
				ALWAYS_SEARCH_USER_PATHS = NO;
				CLANG_ANALYZER_NONNULL = YES;
				CLANG_ANALYZER_NUMBER_OBJECT_CONVERSION = YES_AGGRESSIVE;
				CLANG_CXX_LANGUAGE_STANDARD = "gnu++14";
				CLANG_CXX_LIBRARY = "libc++";
				CLANG_ENABLE_MODULES = YES;
				CLANG_ENABLE_OBJC_ARC = YES;
				CLANG_ENABLE_OBJC_WEAK = YES;
				CLANG_WARN_BLOCK_CAPTURE_AUTORELEASING = YES;
				CLANG_WARN_BOOL_CONVERSION = YES;
				CLANG_WARN_COMMA = YES;
				CLANG_WARN_CONSTANT_CONVERSION = YES;
				CLANG_WARN_DEPRECATED_OBJC_IMPLEMENTATIONS = YES;
				CLANG_WARN_DIRECT_OBJC_ISA_USAGE = YES_ERROR;
				CLANG_WARN_DOCUMENTATION_COMMENTS = YES;
				CLANG_WARN_EMPTY_BODY = YES;
				CLANG_WARN_ENUM_CONVERSION = YES;
				CLANG_WARN_INFINITE_RECURSION = YES;
				CLANG_WARN_INT_CONVERSION = YES;
				CLANG_WARN_NON_LITERAL_NULL_CONVERSION = YES;
				CLANG_WARN_OBJC_IMPLICIT_RETAIN_SELF = YES;
				CLANG_WARN_OBJC_LITERAL_CONVERSION = YES;
				CLANG_WARN_OBJC_ROOT_CLASS = YES_ERROR;
				CLANG_WARN_RANGE_LOOP_ANALYSIS = YES;
				CLANG_WARN_STRICT_PROTOTYPES = YES;
				CLANG_WARN_SUSPICIOUS_MOVE = YES;
				CLANG_WARN_UNGUARDED_AVAILABILITY = YES_AGGRESSIVE;
				CLANG_WARN_UNREACHABLE_CODE = YES;
				CLANG_WARN__DUPLICATE_METHOD_MATCH = YES;
				CODE_SIGN_IDENTITY = "iPhone Developer";
				COPY_PHASE_STRIP = NO;
				DEBUG_INFORMATION_FORMAT = "dwarf-with-dsym";
				ENABLE_NS_ASSERTIONS = NO;
				ENABLE_STRICT_OBJC_MSGSEND = YES;
				GCC_C_LANGUAGE_STANDARD = gnu11;
				GCC_NO_COMMON_BLOCKS = YES;
				GCC_WARN_64_TO_32_BIT_CONVERSION = YES;
				GCC_WARN_ABOUT_RETURN_TYPE = YES_ERROR;
				GCC_WARN_UNDECLARED_SELECTOR = YES;
				GCC_WARN_UNINITIALIZED_AUTOS = YES_AGGRESSIVE;
				GCC_WARN_UNUSED_FUNCTION = YES;
				GCC_WARN_UNUSED_VARIABLE = YES;
				IPHONEOS_DEPLOYMENT_TARGET = 11.4;
				MTL_ENABLE_DEBUG_INFO = NO;
				SDKROOT = iphoneos;
				SWIFT_COMPILATION_MODE = wholemodule;
				SWIFT_OPTIMIZATION_LEVEL = "-O";
				VALIDATE_PRODUCT = YES;
			};
			name = Release;
		};
		713F0C99214FC73A0097CF57 /* Debug */ = {
			isa = XCBuildConfiguration;
			buildSettings = {
				ASSETCATALOG_COMPILER_APPICON_NAME = AppIcon;
				CODE_SIGN_STYLE = Automatic;
				INFOPLIST_FILE = "ios-neshan-maps-sample/Info.plist";
				LD_RUNPATH_SEARCH_PATHS = (
					"$(inherited)",
					"@executable_path/Frameworks",
				);
				PRODUCT_BUNDLE_IDENTIFIER = "org.neshan.ios-neshan-maps-sample";
				PRODUCT_NAME = "$(TARGET_NAME)";
				SWIFT_VERSION = 4.0;
				TARGETED_DEVICE_FAMILY = "1,2";
			};
			name = Debug;
		};
		713F0C9A214FC73A0097CF57 /* Release */ = {
			isa = XCBuildConfiguration;
			buildSettings = {
				ASSETCATALOG_COMPILER_APPICON_NAME = AppIcon;
				CODE_SIGN_STYLE = Automatic;
				INFOPLIST_FILE = "ios-neshan-maps-sample/Info.plist";
				LD_RUNPATH_SEARCH_PATHS = (
					"$(inherited)",
					"@executable_path/Frameworks",
				);
				PRODUCT_BUNDLE_IDENTIFIER = "org.neshan.ios-neshan-maps-sample";
				PRODUCT_NAME = "$(TARGET_NAME)";
				SWIFT_VERSION = 4.0;
				TARGETED_DEVICE_FAMILY = "1,2";
			};
			name = Release;
		};
		713F0C9C214FC73A0097CF57 /* Debug */ = {
			isa = XCBuildConfiguration;
			buildSettings = {
				ALWAYS_EMBED_SWIFT_STANDARD_LIBRARIES = YES;
				BUNDLE_LOADER = "$(TEST_HOST)";
				CODE_SIGN_STYLE = Automatic;
				INFOPLIST_FILE = "ios-neshan-maps-sampleTests/Info.plist";
				LD_RUNPATH_SEARCH_PATHS = (
					"$(inherited)",
					"@executable_path/Frameworks",
					"@loader_path/Frameworks",
				);
				PRODUCT_BUNDLE_IDENTIFIER = "org.neshan.ios-neshan-maps-sampleTests";
				PRODUCT_NAME = "$(TARGET_NAME)";
				SWIFT_VERSION = 4.0;
				TARGETED_DEVICE_FAMILY = "1,2";
				TEST_HOST = "$(BUILT_PRODUCTS_DIR)/ios-neshan-maps-sample.app/ios-neshan-maps-sample";
			};
			name = Debug;
		};
		713F0C9D214FC73A0097CF57 /* Release */ = {
			isa = XCBuildConfiguration;
			buildSettings = {
				ALWAYS_EMBED_SWIFT_STANDARD_LIBRARIES = YES;
				BUNDLE_LOADER = "$(TEST_HOST)";
				CODE_SIGN_STYLE = Automatic;
				INFOPLIST_FILE = "ios-neshan-maps-sampleTests/Info.plist";
				LD_RUNPATH_SEARCH_PATHS = (
					"$(inherited)",
					"@executable_path/Frameworks",
					"@loader_path/Frameworks",
				);
				PRODUCT_BUNDLE_IDENTIFIER = "org.neshan.ios-neshan-maps-sampleTests";
				PRODUCT_NAME = "$(TARGET_NAME)";
				SWIFT_VERSION = 4.0;
				TARGETED_DEVICE_FAMILY = "1,2";
				TEST_HOST = "$(BUILT_PRODUCTS_DIR)/ios-neshan-maps-sample.app/ios-neshan-maps-sample";
			};
			name = Release;
		};
		713F0C9F214FC73A0097CF57 /* Debug */ = {
			isa = XCBuildConfiguration;
			buildSettings = {
				ALWAYS_EMBED_SWIFT_STANDARD_LIBRARIES = YES;
				CODE_SIGN_STYLE = Automatic;
				INFOPLIST_FILE = "ios-neshan-maps-sampleUITests/Info.plist";
				LD_RUNPATH_SEARCH_PATHS = (
					"$(inherited)",
					"@executable_path/Frameworks",
					"@loader_path/Frameworks",
				);
				PRODUCT_BUNDLE_IDENTIFIER = "org.neshan.ios-neshan-maps-sampleUITests";
				PRODUCT_NAME = "$(TARGET_NAME)";
				SWIFT_VERSION = 4.0;
				TARGETED_DEVICE_FAMILY = "1,2";
				TEST_TARGET_NAME = "ios-neshan-maps-sample";
			};
			name = Debug;
		};
		713F0CA0214FC73A0097CF57 /* Release */ = {
			isa = XCBuildConfiguration;
			buildSettings = {
				ALWAYS_EMBED_SWIFT_STANDARD_LIBRARIES = YES;
				CODE_SIGN_STYLE = Automatic;
				INFOPLIST_FILE = "ios-neshan-maps-sampleUITests/Info.plist";
				LD_RUNPATH_SEARCH_PATHS = (
					"$(inherited)",
					"@executable_path/Frameworks",
					"@loader_path/Frameworks",
				);
				PRODUCT_BUNDLE_IDENTIFIER = "org.neshan.ios-neshan-maps-sampleUITests";
				PRODUCT_NAME = "$(TARGET_NAME)";
				SWIFT_VERSION = 4.0;
				TARGETED_DEVICE_FAMILY = "1,2";
				TEST_TARGET_NAME = "ios-neshan-maps-sample";
			};
			name = Release;
		};
/* End XCBuildConfiguration section */

/* Begin XCConfigurationList section */
		713F0C6B214FC7390097CF57 /* Build configuration list for PBXProject "ios-neshan-maps-sample" */ = {
			isa = XCConfigurationList;
			buildConfigurations = (
				713F0C96214FC73A0097CF57 /* Debug */,
				713F0C97214FC73A0097CF57 /* Release */,
			);
			defaultConfigurationIsVisible = 0;
			defaultConfigurationName = Release;
		};
		713F0C98214FC73A0097CF57 /* Build configuration list for PBXNativeTarget "ios-neshan-maps-sample" */ = {
			isa = XCConfigurationList;
			buildConfigurations = (
				713F0C99214FC73A0097CF57 /* Debug */,
				713F0C9A214FC73A0097CF57 /* Release */,
			);
			defaultConfigurationIsVisible = 0;
			defaultConfigurationName = Release;
		};
		713F0C9B214FC73A0097CF57 /* Build configuration list for PBXNativeTarget "ios-neshan-maps-sampleTests" */ = {
			isa = XCConfigurationList;
			buildConfigurations = (
				713F0C9C214FC73A0097CF57 /* Debug */,
				713F0C9D214FC73A0097CF57 /* Release */,
			);
			defaultConfigurationIsVisible = 0;
			defaultConfigurationName = Release;
		};
		713F0C9E214FC73A0097CF57 /* Build configuration list for PBXNativeTarget "ios-neshan-maps-sampleUITests" */ = {
			isa = XCConfigurationList;
			buildConfigurations = (
				713F0C9F214FC73A0097CF57 /* Debug */,
				713F0CA0214FC73A0097CF57 /* Release */,
			);
			defaultConfigurationIsVisible = 0;
			defaultConfigurationName = Release;
		};
/* End XCConfigurationList section */
	};
	rootObject = 713F0C68214FC7390097CF57 /* Project object */;
}
